
Microsoft Visual Studio Solution File, Format Version 12.00
# Visual Studio Version 16
VisualStudioVersion = 16.0.31605.320
MinimumVisualStudioVersion = 10.0.40219.1
Project("{FAE04EC0-301F-11D3-BF4B-00C04F79EFBC}") = "Meal Chat Bot", "Meal Chat Bot\Meal Chat Bot.csproj", "{91C9ACCB-7389-485D-BAD0-C29396975204}"
EndProject
Global
	GlobalSection(SolutionConfigurationPlatforms) = preSolution
		Debug|Any CPU = Debug|Any CPU
		Release|Any CPU = Release|Any CPU
	EndGlobalSection
	GlobalSection(ProjectConfigurationPlatforms) = postSolution
		{91C9ACCB-7389-485D-BAD0-C29396975204}.Debug|Any CPU.ActiveCfg = Debug|Any CPU
		{91C9ACCB-7389-485D-BAD0-C29396975204}.Debug|Any CPU.Build.0 = Debug|Any CPU
		{91C9ACCB-7389-485D-BAD0-C29396975204}.Release|Any CPU.ActiveCfg = Release|Any CPU
		{91C9ACCB-7389-485D-BAD0-C29396975204}.Release|Any CPU.Build.0 = Release|Any CPU
	EndGlobalSection
	GlobalSection(SolutionProperties) = preSolution
		HideSolutionNode = FALSE
	EndGlobalSection
	GlobalSection(ExtensibilityGlobals) = postSolution
		SolutionGuid = {4CB09645-7A39-4238-963B-65F2D06BDF1A}
	EndGlobalSection
EndGlobal
